
Microsoft Visual Studio Solution File, Format Version 12.00
# Visual Studio Version 17
VisualStudioVersion = 17.2.32516.85
MinimumVisualStudioVersion = 10.0.40219.1
Project("{FAE04EC0-301F-11D3-BF4B-00C04F79EFBC}") = "SniffDoge_installer", "SniffDoge_installer.csproj", "{66103401-4341-4293-9930-F685B8912675}"
EndProject
Global
	GlobalSection(SolutionConfigurationPlatforms) = preSolution
		Debug|Any CPU = Debug|Any CPU
		Release|Any CPU = Release|Any CPU
	EndGlobalSection
	GlobalSection(ProjectConfigurationPlatforms) = postSolution
		{66103401-4341-4293-9930-F685B8912675}.Debug|Any CPU.ActiveCfg = Debug|Any CPU
		{66103401-4341-4293-9930-F685B8912675}.Debug|Any CPU.Build.0 = Debug|Any CPU
		{66103401-4341-4293-9930-F685B8912675}.Release|Any CPU.ActiveCfg = Release|Any CPU
		{66103401-4341-4293-9930-F685B8912675}.Release|Any CPU.Build.0 = Release|Any CPU
	EndGlobalSection
	GlobalSection(SolutionProperties) = preSolution
		HideSolutionNode = FALSE
	EndGlobalSection
	GlobalSection(ExtensibilityGlobals) = postSolution
		SolutionGuid = {8D72B6A7-51D3-4D9D-A86B-5BB93AA0926F}
	EndGlobalSection
EndGlobal
